
Microsoft Visual Studio Solution File, Format Version 12.00
# Visual Studio 15
VisualStudioVersion = 15.0.26730.8
MinimumVisualStudioVersion = 10.0.40219.1
Project("{FAE04EC0-301F-11D3-BF4B-00C04F79EFBC}") = "Doing.BDDExtensions", "Doing.BDDExtensions\Doing.BDDExtensions.csproj", "{7FCEAD59-87FD-4598-B8FC-AB2B96EF3CD4}"
EndProject
Project("{FAE04EC0-301F-11D3-BF4B-00C04F79EFBC}") = "Doing.BDDExtensions.Specs", "Doing.BDDExtensions.Specs\Doing.BDDExtensions.Specs.csproj", "{362DDBA3-7B07-4AA6-A313-339B5F34045A}"
EndProject
Global
	GlobalSection(SolutionConfigurationPlatforms) = preSolution
		Debug|Any CPU = Debug|Any CPU
		Release|Any CPU = Release|Any CPU
	EndGlobalSection
	GlobalSection(ProjectConfigurationPlatforms) = postSolution
		{7FCEAD59-87FD-4598-B8FC-AB2B96EF3CD4}.Debug|Any CPU.ActiveCfg = Debug|Any CPU
		{7FCEAD59-87FD-4598-B8FC-AB2B96EF3CD4}.Debug|Any CPU.Build.0 = Debug|Any CPU
		{7FCEAD59-87FD-4598-B8FC-AB2B96EF3CD4}.Release|Any CPU.ActiveCfg = Release|Any CPU
		{7FCEAD59-87FD-4598-B8FC-AB2B96EF3CD4}.Release|Any CPU.Build.0 = Release|Any CPU
		{362DDBA3-7B07-4AA6-A313-339B5F34045A}.Debug|Any CPU.ActiveCfg = Debug|Any CPU
		{362DDBA3-7B07-4AA6-A313-339B5F34045A}.Debug|Any CPU.Build.0 = Debug|Any CPU
		{362DDBA3-7B07-4AA6-A313-339B5F34045A}.Release|Any CPU.ActiveCfg = Release|Any CPU
		{362DDBA3-7B07-4AA6-A313-339B5F34045A}.Release|Any CPU.Build.0 = Release|Any CPU
	EndGlobalSection
	GlobalSection(SolutionProperties) = preSolution
		HideSolutionNode = FALSE
	EndGlobalSection
	GlobalSection(ExtensibilityGlobals) = postSolution
		SolutionGuid = {D232BD97-2AB1-4542-98F2-C6A192F6C6CF}
	EndGlobalSection
EndGlobal
